
Microsoft Visual Studio Solution File, Format Version 12.00
# Visual Studio Version 17
VisualStudioVersion = 17.9.34728.123
MinimumVisualStudioVersion = 10.0.40219.1
Project("{FAE04EC0-301F-11D3-BF4B-00C04F79EFBC}") = "otobuds-mobile-app", "otobuds-mobile-app.csproj", "{BE314A25-9FC2-4D62-A441-3123744E6143}"
EndProject
Global
	GlobalSection(SolutionConfigurationPlatforms) = preSolution
		Debug|Any CPU = Debug|Any CPU
		Release|Any CPU = Release|Any CPU
	EndGlobalSection
	GlobalSection(ProjectConfigurationPlatforms) = postSolution
		{BE314A25-9FC2-4D62-A441-3123744E6143}.Debug|Any CPU.ActiveCfg = Debug|Any CPU
		{BE314A25-9FC2-4D62-A441-3123744E6143}.Debug|Any CPU.Build.0 = Debug|Any CPU
		{BE314A25-9FC2-4D62-A441-3123744E6143}.Debug|Any CPU.Deploy.0 = Debug|Any CPU
		{BE314A25-9FC2-4D62-A441-3123744E6143}.Release|Any CPU.ActiveCfg = Release|Any CPU
		{BE314A25-9FC2-4D62-A441-3123744E6143}.Release|Any CPU.Build.0 = Release|Any CPU
	EndGlobalSection
	GlobalSection(SolutionProperties) = preSolution
		HideSolutionNode = FALSE
	EndGlobalSection
	GlobalSection(ExtensibilityGlobals) = postSolution
		SolutionGuid = {0E0A105E-7FC5-486E-9CB5-DFDB70EA25F3}
	EndGlobalSection
EndGlobal
